{
  "name": "webgoat-frontend-libs",
  "version": "1.0.0",
  "lockfileVersion": 3,
  "requires": true,
  "packages": {
    "": {
      "name": "webgoat-frontend-libs",
      "version": "1.0.0",
      "dependencies": {
        "ace-builds": "1.2.2",
        "backbone": "1.1.2",
        "bootstrap": "3.1.1",
        "jquery": "2.1.4",
        "jquery-form": "4.3.0",
        "jquery-ui": "1.10.4",
        "polyglot": "0.5.0",
        "requirejs": "2.1.22",
        "requirejs-text": "2.0.15",
        "underscore": "1.8.3"
      }
    },
    "node_modules/ace-builds": {
      "version": "1.2.2",
      "resolved": "https://registry.npmjs.org/ace-builds/-/ace-builds-1.2.2.tgz",
      "integrity": "sha512-0GN+FE0e/SPwjkjX5Fssbo7swAI1OJ9QQZG1MoI0lQJRqxrZ+4dWKtXkBNG80Xe68Q8srdbVv+kdesuqk5yrgg=="
    },
    "node_modules/backbone": {
      "version": "1.1.2",
      "resolved": "https://registry.npmjs.org/backbone/-/backbone-1.1.2.tgz",
      "integrity": "sha512-bdiYFVF+mXQ3712Urje2uvYClLPXOd2jsvp8AHlPyMKqpHRPCmCxZf099kCRadhA2sMxp761XB2aZ0/HYF4fDg==",
      "dependencies": {
        "underscore": ">=1.5.0"
      }
    },
    "node_modules/bootstrap": {
      "version": "3.1.1",
      "resolved": "https://registry.npmjs.org/bootstrap/-/bootstrap-3.1.1.tgz",
      "integrity": "sha512-TAzqS8E/ISpVHP29gYhy+1NSV+FJwApDVQhDfgLYsIuUDJiqJzH2DfORN5tiu+Ie2iBLrzEG34t4Rf465cigqg=="
    },
    "node_modules/jquery": {
      "version": "2.1.4",
      "resolved": "https://registry.npmjs.org/jquery/-/jquery-2.1.4.tgz",
      "integrity": "sha512-wWR+eCq/T/Qt0NcFyM+QVho0ZVzWxFYANijmSMImXiM5mjr1aOaf4SF0eOEPc92bbK2L2vDpxw3lIszus7eO8Q=="
    },
    "node_modules/jquery-form": {
      "version": "4.3.0",
      "resolved": "https://registry.npmjs.org/jquery-form/-/jquery-form-4.3.0.tgz",
      "integrity": "sha512-q3uaVCEWdLOYUCI6dpNdwf/7cJFOsUgdpq6r0taxtGQ5NJSkOzofyWm4jpOuJ5YxdmL1FI5QR+q+HB63HHLGnQ==",
      "license": "(LGPL-2.1+ OR MIT)",
      "dependencies": {
        "jquery": ">=1.7.2"
      }
    },
    "node_modules/jquery-ui": {
      "version": "1.10.4",
      "resolved": "https://registry.npmjs.org/jquery-ui/-/jquery-ui-1.10.4.tgz",
      "integrity": "sha512-VdBz+azK9w7aLfrynqRjhDClgKF57L5fOcj6xDRar/PC0F/WFVD2a5Rfp1W15NYa2kkAvKp1YzAd2/lnGlmOmw=="
    },
    "node_modules/polyglot": {
      "version": "0.5.0",
      "resolved": "https://registry.npmjs.org/polyglot/-/polyglot-0.5.0.tgz",
      "integrity": "sha512-U6nUdVKrSZEHH+FFyZsLzG7vUlGzevD2Oetg6/wuJU5UZz/lHf+bj0DXPKCsbIQ4U/HT9df58b28U7e4GIKa+Q==",
      "engines": {
        "node": ">0.6"
      }
    },
    "node_modules/requirejs": {
      "version": "2.1.22",
      "resolved": "https://registry.npmjs.org/requirejs/-/requirejs-2.1.22.tgz",
      "integrity": "sha512-AhZqN7UrWV8R2d1LfGfznskMJNF0Vb6yStwrCn52UbktJg6y5V1I7RoGRyJtACe86d50PyQn0Iw0jYDKMvc4iA==",
      "bin": {
        "r.js": "bin/r.js"
      },
      "engines": {
        "node": ">=0.4.0"
      }
    },
    "node_modules/requirejs-text": {
      "version": "2.0.15",
      "resolved": "https://registry.npmjs.org/requirejs-text/-/requirejs-text-2.0.15.tgz",
      "integrity": "sha512-bY2wBSXj/iuH+cPkKbtxIV9upDOBeE34qzav6xR9BAZ+yYVquGgVIZP+9b9PGNgcAgmI2DzswfwsylZcgDpWrA=="
    },
    "node_modules/underscore": {
      "version": "1.8.3",
      "resolved": "https://registry.npmjs.org/underscore/-/underscore-1.8.3.tgz",
      "integrity": "sha512-5WsVTFcH1ut/kkhAaHf4PVgI8c7++GiVcpCGxPouI6ZVjsqPnSDf8h/8HtVqc0t4fzRXwnMK70EcZeAs3PIddg=="
    }
  }
}
